
Microsoft Visual Studio Solution File, Format Version 12.00
# Visual Studio Version 17
VisualStudioVersion = 17.0.32014.148
MinimumVisualStudioVersion = 10.0.40219.1
Project("{9A19103F-16F7-4668-BE54-9A1E7A4F7556}") = "Telegram.Bot.Examples.Minimal.API", "Telegram.Bot.Examples.Minimal.API\Telegram.Bot.Examples.Minimal.API.csproj", "{994508BA-DB9E-415C-8213-66B84F209480}"
EndProject
Global
	GlobalSection(SolutionConfigurationPlatforms) = preSolution
		Debug|Any CPU = Debug|Any CPU
		Release|Any CPU = Release|Any CPU
	EndGlobalSection
	GlobalSection(ProjectConfigurationPlatforms) = postSolution
		{994508BA-DB9E-415C-8213-66B84F209480}.Debug|Any CPU.ActiveCfg = Debug|Any CPU
		{994508BA-DB9E-415C-8213-66B84F209480}.Debug|Any CPU.Build.0 = Debug|Any CPU
		{994508BA-DB9E-415C-8213-66B84F209480}.Release|Any CPU.ActiveCfg = Release|Any CPU
		{994508BA-DB9E-415C-8213-66B84F209480}.Release|Any CPU.Build.0 = Release|Any CPU
	EndGlobalSection
	GlobalSection(SolutionProperties) = preSolution
		HideSolutionNode = FALSE
	EndGlobalSection
	GlobalSection(ExtensibilityGlobals) = postSolution
		SolutionGuid = {5911AF20-9455-4EF8-ACA0-F1D2C444C0E0}
	EndGlobalSection
EndGlobal
